
Microsoft Visual Studio Solution File, Format Version 12.00
Project("{2150E333-8FDC-42A3-9474-1A3956D46DE8}") = "Services", "Services", "{8CDA4E6E-CC68-4E23-8917-2921290FC092}"
EndProject
Project("{2150E333-8FDC-42A3-9474-1A3956D46DE8}") = "ApiGateways", "ApiGateways", "{56D08F33-869B-4E7D-BDF8-FF5F53169FC8}"
EndProject
Project("{2150E333-8FDC-42A3-9474-1A3956D46DE8}") = "BuildingBlocks", "BuildingBlocks", "{F8E2FAE3-A018-4846-94C5-E002719F3C26}"
EndProject
Project("{2150E333-8FDC-42A3-9474-1A3956D46DE8}") = "Catalog", "Catalog", "{B24CCFFA-3383-4A87-9F5F-1D769B7CC92E}"
EndProject
Project("{FAE04EC0-301F-11D3-BF4B-00C04F79EFBC}") = "Catalog.API", "Services\Catalog\Catalog.API\Catalog.API.csproj", "{92062E15-928D-4A75-ADE4-D479F89BCD41}"
EndProject
Project("{FAE04EC0-301F-11D3-BF4B-00C04F79EFBC}") = "BuildingBlocks", "BuildingBlocks\BuildingBlocks.csproj", "{0591E94B-4531-4336-B8B4-0F56E7E599DB}"
EndProject
Project("{2150E333-8FDC-42A3-9474-1A3956D46DE8}") = "Solution Items", "Solution Items", "{1855906F-F147-40A2-BB3D-7BC50F134C48}"
	ProjectSection(SolutionItems) = preProject
		docker-compose.yml = docker-compose.yml
		docker-compose.override.yml = docker-compose.override.yml
	EndProjectSection
EndProject
Project("{2150E333-8FDC-42A3-9474-1A3956D46DE8}") = "Basket", "Basket", "{8BD5600E-56D8-4D24-9293-53C6C234115C}"
EndProject
Project("{FAE04EC0-301F-11D3-BF4B-00C04F79EFBC}") = "Basket.API", "Services\Basket\Basket.API\Basket.API.csproj", "{565B7F8A-BFF2-4573-ADA8-C29A770A1BE8}"
EndProject
Project("{2150E333-8FDC-42A3-9474-1A3956D46DE8}") = "Discount", "Discount", "{EB1929B9-2281-410E-9F79-AF1B6DF5300D}"
EndProject
Project("{FAE04EC0-301F-11D3-BF4B-00C04F79EFBC}") = "Discount.Grpc", "Services\Discount\Discount.Grpc\Discount.Grpc.csproj", "{CBBF8192-0A2A-42C1-B82A-A41302C73705}"
EndProject
Project("{2150E333-8FDC-42A3-9474-1A3956D46DE8}") = "Ordering", "Ordering", "{5C50D276-5DD1-4877-8862-05A3F6A83573}"
EndProject
Project("{FAE04EC0-301F-11D3-BF4B-00C04F79EFBC}") = "Ordering.Api", "Services\Ordering\Ordering.Api\Ordering.Api.csproj", "{24361927-4381-49B8-B5D2-81051875AE09}"
EndProject
Project("{FAE04EC0-301F-11D3-BF4B-00C04F79EFBC}") = "Ordering.Application", "Services\Ordering\Ordering.Application\Ordering.Application.csproj", "{110D29F1-BA4A-4411-83D9-FA8E5894A293}"
EndProject
Project("{FAE04EC0-301F-11D3-BF4B-00C04F79EFBC}") = "Ordering.Infrastructure", "Services\Ordering\Ordering.Infrastructure\Ordering.Infrastructure.csproj", "{AFFAB141-92CC-4B0E-B006-41E8F0E40D08}"
EndProject
Project("{FAE04EC0-301F-11D3-BF4B-00C04F79EFBC}") = "Ordering.Domain", "Services\Ordering\Ordering.Domain\Ordering.Domain.csproj", "{EF690683-F95C-4B6E-A19A-1E1C29FB9BE5}"
EndProject
Project("{FAE04EC0-301F-11D3-BF4B-00C04F79EFBC}") = "BuildingBlocks.Messaging", "BuildingBlocks.Messaging\BuildingBlocks.Messaging.csproj", "{5995B7CA-D791-45A9-9CF3-0292A6AE0D10}"
EndProject
Project("{FAE04EC0-301F-11D3-BF4B-00C04F79EFBC}") = "YarpApiGateway", "ApiGateways\YarpApiGateway\YarpApiGateway.csproj", "{37699A37-CE6C-495B-ADC8-0F2A48B479E5}"
EndProject
Global
	GlobalSection(SolutionConfigurationPlatforms) = preSolution
		Debug|Any CPU = Debug|Any CPU
		Release|Any CPU = Release|Any CPU
	EndGlobalSection
	GlobalSection(NestedProjects) = preSolution
		{B24CCFFA-3383-4A87-9F5F-1D769B7CC92E} = {8CDA4E6E-CC68-4E23-8917-2921290FC092}
		{92062E15-928D-4A75-ADE4-D479F89BCD41} = {B24CCFFA-3383-4A87-9F5F-1D769B7CC92E}
		{0591E94B-4531-4336-B8B4-0F56E7E599DB} = {F8E2FAE3-A018-4846-94C5-E002719F3C26}
		{8BD5600E-56D8-4D24-9293-53C6C234115C} = {8CDA4E6E-CC68-4E23-8917-2921290FC092}
		{565B7F8A-BFF2-4573-ADA8-C29A770A1BE8} = {8BD5600E-56D8-4D24-9293-53C6C234115C}
		{EB1929B9-2281-410E-9F79-AF1B6DF5300D} = {8CDA4E6E-CC68-4E23-8917-2921290FC092}
		{CBBF8192-0A2A-42C1-B82A-A41302C73705} = {EB1929B9-2281-410E-9F79-AF1B6DF5300D}
		{5C50D276-5DD1-4877-8862-05A3F6A83573} = {8CDA4E6E-CC68-4E23-8917-2921290FC092}
		{24361927-4381-49B8-B5D2-81051875AE09} = {5C50D276-5DD1-4877-8862-05A3F6A83573}
		{110D29F1-BA4A-4411-83D9-FA8E5894A293} = {5C50D276-5DD1-4877-8862-05A3F6A83573}
		{AFFAB141-92CC-4B0E-B006-41E8F0E40D08} = {5C50D276-5DD1-4877-8862-05A3F6A83573}
		{EF690683-F95C-4B6E-A19A-1E1C29FB9BE5} = {5C50D276-5DD1-4877-8862-05A3F6A83573}
		{5995B7CA-D791-45A9-9CF3-0292A6AE0D10} = {F8E2FAE3-A018-4846-94C5-E002719F3C26}
		{37699A37-CE6C-495B-ADC8-0F2A48B479E5} = {56D08F33-869B-4E7D-BDF8-FF5F53169FC8}
	EndGlobalSection
	GlobalSection(ProjectConfigurationPlatforms) = postSolution
		{92062E15-928D-4A75-ADE4-D479F89BCD41}.Debug|Any CPU.ActiveCfg = Debug|Any CPU
		{92062E15-928D-4A75-ADE4-D479F89BCD41}.Debug|Any CPU.Build.0 = Debug|Any CPU
		{92062E15-928D-4A75-ADE4-D479F89BCD41}.Release|Any CPU.ActiveCfg = Release|Any CPU
		{92062E15-928D-4A75-ADE4-D479F89BCD41}.Release|Any CPU.Build.0 = Release|Any CPU
		{0591E94B-4531-4336-B8B4-0F56E7E599DB}.Debug|Any CPU.ActiveCfg = Debug|Any CPU
		{0591E94B-4531-4336-B8B4-0F56E7E599DB}.Debug|Any CPU.Build.0 = Debug|Any CPU
		{0591E94B-4531-4336-B8B4-0F56E7E599DB}.Release|Any CPU.ActiveCfg = Release|Any CPU
		{0591E94B-4531-4336-B8B4-0F56E7E599DB}.Release|Any CPU.Build.0 = Release|Any CPU
		{565B7F8A-BFF2-4573-ADA8-C29A770A1BE8}.Debug|Any CPU.ActiveCfg = Debug|Any CPU
		{565B7F8A-BFF2-4573-ADA8-C29A770A1BE8}.Debug|Any CPU.Build.0 = Debug|Any CPU
		{565B7F8A-BFF2-4573-ADA8-C29A770A1BE8}.Release|Any CPU.ActiveCfg = Release|Any CPU
		{565B7F8A-BFF2-4573-ADA8-C29A770A1BE8}.Release|Any CPU.Build.0 = Release|Any CPU
		{CBBF8192-0A2A-42C1-B82A-A41302C73705}.Debug|Any CPU.ActiveCfg = Debug|Any CPU
		{CBBF8192-0A2A-42C1-B82A-A41302C73705}.Debug|Any CPU.Build.0 = Debug|Any CPU
		{CBBF8192-0A2A-42C1-B82A-A41302C73705}.Release|Any CPU.ActiveCfg = Release|Any CPU
		{CBBF8192-0A2A-42C1-B82A-A41302C73705}.Release|Any CPU.Build.0 = Release|Any CPU
		{24361927-4381-49B8-B5D2-81051875AE09}.Debug|Any CPU.ActiveCfg = Debug|Any CPU
		{24361927-4381-49B8-B5D2-81051875AE09}.Debug|Any CPU.Build.0 = Debug|Any CPU
		{24361927-4381-49B8-B5D2-81051875AE09}.Release|Any CPU.ActiveCfg = Release|Any CPU
		{24361927-4381-49B8-B5D2-81051875AE09}.Release|Any CPU.Build.0 = Release|Any CPU
		{110D29F1-BA4A-4411-83D9-FA8E5894A293}.Debug|Any CPU.ActiveCfg = Debug|Any CPU
		{110D29F1-BA4A-4411-83D9-FA8E5894A293}.Debug|Any CPU.Build.0 = Debug|Any CPU
		{110D29F1-BA4A-4411-83D9-FA8E5894A293}.Release|Any CPU.ActiveCfg = Release|Any CPU
		{110D29F1-BA4A-4411-83D9-FA8E5894A293}.Release|Any CPU.Build.0 = Release|Any CPU
		{AFFAB141-92CC-4B0E-B006-41E8F0E40D08}.Debug|Any CPU.ActiveCfg = Debug|Any CPU
		{AFFAB141-92CC-4B0E-B006-41E8F0E40D08}.Debug|Any CPU.Build.0 = Debug|Any CPU
		{AFFAB141-92CC-4B0E-B006-41E8F0E40D08}.Release|Any CPU.ActiveCfg = Release|Any CPU
		{AFFAB141-92CC-4B0E-B006-41E8F0E40D08}.Release|Any CPU.Build.0 = Release|Any CPU
		{EF690683-F95C-4B6E-A19A-1E1C29FB9BE5}.Debug|Any CPU.ActiveCfg = Debug|Any CPU
		{EF690683-F95C-4B6E-A19A-1E1C29FB9BE5}.Debug|Any CPU.Build.0 = Debug|Any CPU
		{EF690683-F95C-4B6E-A19A-1E1C29FB9BE5}.Release|Any CPU.ActiveCfg = Release|Any CPU
		{EF690683-F95C-4B6E-A19A-1E1C29FB9BE5}.Release|Any CPU.Build.0 = Release|Any CPU
		{5995B7CA-D791-45A9-9CF3-0292A6AE0D10}.Debug|Any CPU.ActiveCfg = Debug|Any CPU
		{5995B7CA-D791-45A9-9CF3-0292A6AE0D10}.Debug|Any CPU.Build.0 = Debug|Any CPU
		{5995B7CA-D791-45A9-9CF3-0292A6AE0D10}.Release|Any CPU.ActiveCfg = Release|Any CPU
		{5995B7CA-D791-45A9-9CF3-0292A6AE0D10}.Release|Any CPU.Build.0 = Release|Any CPU
		{37699A37-CE6C-495B-ADC8-0F2A48B479E5}.Debug|Any CPU.ActiveCfg = Debug|Any CPU
		{37699A37-CE6C-495B-ADC8-0F2A48B479E5}.Debug|Any CPU.Build.0 = Debug|Any CPU
		{37699A37-CE6C-495B-ADC8-0F2A48B479E5}.Release|Any CPU.ActiveCfg = Release|Any CPU
		{37699A37-CE6C-495B-ADC8-0F2A48B479E5}.Release|Any CPU.Build.0 = Release|Any CPU
	EndGlobalSection
EndGlobal
